
Microsoft Visual Studio Solution File, Format Version 12.00
# Visual Studio 2012
Project("{FAE04EC0-301F-11D3-BF4B-00C04F79EFBC}") = "PuzzleEngineAlpha", "PuzzleEngineAlpha\PuzzleEngineAlpha.csproj", "{B37063EC-5888-4B43-9A50-D835581D9E6B}"
EndProject
Project("{FAE04EC0-301F-11D3-BF4B-00C04F79EFBC}") = "EngineTester", "EngineTester\EngineTester.csproj", "{6D2EEE4E-4E17-4C36-871D-0A7D051A0A70}"
EndProject
Global
	GlobalSection(SolutionConfigurationPlatforms) = preSolution
		Debug|Any CPU = Debug|Any CPU
		Debug|Mixed Platforms = Debug|Mixed Platforms
		Debug|x86 = Debug|x86
		Release|Any CPU = Release|Any CPU
		Release|Mixed Platforms = Release|Mixed Platforms
		Release|x86 = Release|x86
	EndGlobalSection
	GlobalSection(ProjectConfigurationPlatforms) = postSolution
		{B37063EC-5888-4B43-9A50-D835581D9E6B}.Debug|Any CPU.ActiveCfg = Debug|x86
		{B37063EC-5888-4B43-9A50-D835581D9E6B}.Debug|Mixed Platforms.ActiveCfg = Debug|x86
		{B37063EC-5888-4B43-9A50-D835581D9E6B}.Debug|Mixed Platforms.Build.0 = Debug|x86
		{B37063EC-5888-4B43-9A50-D835581D9E6B}.Debug|x86.ActiveCfg = Debug|x86
		{B37063EC-5888-4B43-9A50-D835581D9E6B}.Debug|x86.Build.0 = Debug|x86
		{B37063EC-5888-4B43-9A50-D835581D9E6B}.Release|Any CPU.ActiveCfg = Release|x86
		{B37063EC-5888-4B43-9A50-D835581D9E6B}.Release|Mixed Platforms.ActiveCfg = Release|x86
		{B37063EC-5888-4B43-9A50-D835581D9E6B}.Release|Mixed Platforms.Build.0 = Release|x86
		{B37063EC-5888-4B43-9A50-D835581D9E6B}.Release|x86.ActiveCfg = Release|x86
		{B37063EC-5888-4B43-9A50-D835581D9E6B}.Release|x86.Build.0 = Release|x86
		{6D2EEE4E-4E17-4C36-871D-0A7D051A0A70}.Debug|Any CPU.ActiveCfg = Debug|Any CPU
		{6D2EEE4E-4E17-4C36-871D-0A7D051A0A70}.Debug|Any CPU.Build.0 = Debug|Any CPU
		{6D2EEE4E-4E17-4C36-871D-0A7D051A0A70}.Debug|Mixed Platforms.ActiveCfg = Debug|Any CPU
		{6D2EEE4E-4E17-4C36-871D-0A7D051A0A70}.Debug|Mixed Platforms.Build.0 = Debug|Any CPU
		{6D2EEE4E-4E17-4C36-871D-0A7D051A0A70}.Debug|x86.ActiveCfg = Debug|Any CPU
		{6D2EEE4E-4E17-4C36-871D-0A7D051A0A70}.Release|Any CPU.ActiveCfg = Release|Any CPU
		{6D2EEE4E-4E17-4C36-871D-0A7D051A0A70}.Release|Any CPU.Build.0 = Release|Any CPU
		{6D2EEE4E-4E17-4C36-871D-0A7D051A0A70}.Release|Mixed Platforms.ActiveCfg = Release|Any CPU
		{6D2EEE4E-4E17-4C36-871D-0A7D051A0A70}.Release|Mixed Platforms.Build.0 = Release|Any CPU
		{6D2EEE4E-4E17-4C36-871D-0A7D051A0A70}.Release|x86.ActiveCfg = Release|Any CPU
	EndGlobalSection
	GlobalSection(SolutionProperties) = preSolution
		HideSolutionNode = FALSE
	EndGlobalSection
EndGlobal
